
Microsoft Visual Studio Solution File, Format Version 12.00
# Visual Studio Version 16
VisualStudioVersion = 16.0.30611.23
MinimumVisualStudioVersion = 10.0.40219.1
Project("{9A19103F-16F7-4668-BE54-9A1E7A4F7556}") = "ERP-API", "ERP-API\ERP-API.csproj", "{FD6D768C-5F28-4DBF-BE6E-60C124959D0A}"
EndProject
Project("{FAE04EC0-301F-11D3-BF4B-00C04F79EFBC}") = "ERP.Entity", "ERP.Entity\ERP.Entity.csproj", "{E754FCBF-F4C2-451C-92FE-37D62DEB95EA}"
EndProject
Global
	GlobalSection(SolutionConfigurationPlatforms) = preSolution
		Debug|Any CPU = Debug|Any CPU
		Release|Any CPU = Release|Any CPU
	EndGlobalSection
	GlobalSection(ProjectConfigurationPlatforms) = postSolution
		{FD6D768C-5F28-4DBF-BE6E-60C124959D0A}.Debug|Any CPU.ActiveCfg = Debug|Any CPU
		{FD6D768C-5F28-4DBF-BE6E-60C124959D0A}.Debug|Any CPU.Build.0 = Debug|Any CPU
		{FD6D768C-5F28-4DBF-BE6E-60C124959D0A}.Release|Any CPU.ActiveCfg = Release|Any CPU
		{FD6D768C-5F28-4DBF-BE6E-60C124959D0A}.Release|Any CPU.Build.0 = Release|Any CPU
		{E754FCBF-F4C2-451C-92FE-37D62DEB95EA}.Debug|Any CPU.ActiveCfg = Debug|Any CPU
		{E754FCBF-F4C2-451C-92FE-37D62DEB95EA}.Debug|Any CPU.Build.0 = Debug|Any CPU
		{E754FCBF-F4C2-451C-92FE-37D62DEB95EA}.Release|Any CPU.ActiveCfg = Release|Any CPU
		{E754FCBF-F4C2-451C-92FE-37D62DEB95EA}.Release|Any CPU.Build.0 = Release|Any CPU
	EndGlobalSection
	GlobalSection(SolutionProperties) = preSolution
		HideSolutionNode = FALSE
	EndGlobalSection
	GlobalSection(ExtensibilityGlobals) = postSolution
		SolutionGuid = {31E488AB-BED1-4DD4-B685-DC5AC0907EDA}
	EndGlobalSection
EndGlobal
